
Microsoft Visual Studio Solution File, Format Version 10.00
# Visual Studio 2008
Project("{E24C65DC-7377-472B-9ABA-BC803B73C61A}") = "Subtotal", ".", "{494AC022-D5FF-4401-A030-0A041685FD1E}"
	ProjectSection(WebsiteProperties) = preProject
		TargetFramework = "3.5"
		Debug.AspNetCompiler.VirtualPath = "/Subtotal"
		Debug.AspNetCompiler.PhysicalPath = "C:\Projects\Subtotal\"
		Debug.AspNetCompiler.TargetPath = "PrecompiledWeb\Subtotal\"
		Debug.AspNetCompiler.Updateable = "true"
		Debug.AspNetCompiler.ForceOverwrite = "true"
		Debug.AspNetCompiler.FixedNames = "false"
		Debug.AspNetCompiler.Debug = "True"
		Release.AspNetCompiler.VirtualPath = "/Subtotal"
		Release.AspNetCompiler.PhysicalPath = "C:\Projects\Subtotal\"
		Release.AspNetCompiler.TargetPath = "PrecompiledWeb\Subtotal\"
		Release.AspNetCompiler.Updateable = "true"
		Release.AspNetCompiler.ForceOverwrite = "true"
		Release.AspNetCompiler.FixedNames = "false"
		Release.AspNetCompiler.Debug = "False"
		VWDPort = "61398"
	EndProjectSection
EndProject
Global
	GlobalSection(SolutionConfigurationPlatforms) = preSolution
		Debug|.NET = Debug|.NET
	EndGlobalSection
	GlobalSection(ProjectConfigurationPlatforms) = postSolution
		{494AC022-D5FF-4401-A030-0A041685FD1E}.Debug|.NET.ActiveCfg = Debug|.NET
		{494AC022-D5FF-4401-A030-0A041685FD1E}.Debug|.NET.Build.0 = Debug|.NET
	EndGlobalSection
	GlobalSection(SolutionProperties) = preSolution
		HideSolutionNode = FALSE
	EndGlobalSection
EndGlobal
